// !$*UTF8*$!
{
	archiveVersion = 1;
	classes = {
	};
	objectVersion = 55;
	objects = {

/* Begin PBXBuildFile section */
		9E68737C2702E450002711CF /* AppDelegate.swift in Sources */ = {isa = PBXBuildFile; fileRef = 9E68737B2702E450002711CF /* AppDelegate.swift */; };
		9E68737E2702E450002711CF /* SceneDelegate.swift in Sources */ = {isa = PBXBuildFile; fileRef = 9E68737D2702E450002711CF /* SceneDelegate.swift */; };
		9E6873802702E450002711CF /* ViewController.swift in Sources */ = {isa = PBXBuildFile; fileRef = 9E68737F2702E450002711CF /* ViewController.swift */; };
		9E6873832702E450002711CF /* Main.storyboard in Resources */ = {isa = PBXBuildFile; fileRef = 9E6873812702E450002711CF /* Main.storyboard */; };
		9E6873852702E456002711CF /* Assets.xcassets in Resources */ = {isa = PBXBuildFile; fileRef = 9E6873842702E456002711CF /* Assets.xcassets */; };
		9E6873882702E456002711CF /* LaunchScreen.storyboard in Resources */ = {isa = PBXBuildFile; fileRef = 9E6873862702E456002711CF /* LaunchScreen.storyboard */; };
		9E6873932702E456002711CF /* FastCampProjectTests.swift in Sources */ = {isa = PBXBuildFile; fileRef = 9E6873922702E456002711CF /* FastCampProjectTests.swift */; };
		9E68739D2702E456002711CF /* FastCampProjectUITests.swift in Sources */ = {isa = PBXBuildFile; fileRef = 9E68739C2702E456002711CF /* FastCampProjectUITests.swift */; };
		9E68739F2702E456002711CF /* FastCampProjectUITestsLaunchTests.swift in Sources */ = {isa = PBXBuildFile; fileRef = 9E68739E2702E456002711CF /* FastCampProjectUITestsLaunchTests.swift */; };
		9ED3AD8B2721AFD4006AF8B8 /* DiaryCell.swift in Sources */ = {isa = PBXBuildFile; fileRef = 9ED3AD8A2721AFD4006AF8B8 /* DiaryCell.swift */; };
		9ED3AD8D2721B0DF006AF8B8 /* StarViewController.swift in Sources */ = {isa = PBXBuildFile; fileRef = 9ED3AD8C2721B0DF006AF8B8 /* StarViewController.swift */; };
		9ED3AD8F2721B3CB006AF8B8 /* StarCell.swift in Sources */ = {isa = PBXBuildFile; fileRef = 9ED3AD8E2721B3CB006AF8B8 /* StarCell.swift */; };
		9ED3AD912721B710006AF8B8 /* WriteDiaryViewController.swift in Sources */ = {isa = PBXBuildFile; fileRef = 9ED3AD902721B710006AF8B8 /* WriteDiaryViewController.swift */; };
/* End PBXBuildFile section */

/* Begin PBXContainerItemProxy section */
		9E68738F2702E456002711CF /* PBXContainerItemProxy */ = {
			isa = PBXContainerItemProxy;
			containerPortal = 9E6873702702E450002711CF /* Project object */;
			proxyType = 1;
			remoteGlobalIDString = 9E6873772702E450002711CF;
			remoteInfo = FastCampProject;
		};
		9E6873992702E456002711CF /* PBXContainerItemProxy */ = {
			isa = PBXContainerItemProxy;
			containerPortal = 9E6873702702E450002711CF /* Project object */;
			proxyType = 1;
			remoteGlobalIDString = 9E6873772702E450002711CF;
			remoteInfo = FastCampProject;
		};
/* End PBXContainerItemProxy section */

/* Begin PBXFileReference section */
		9E6873782702E450002711CF /* FastCampProject.app */ = {isa = PBXFileReference; explicitFileType = wrapper.application; includeInIndex = 0; path = FastCampProject.app; sourceTree = BUILT_PRODUCTS_DIR; };
		9E68737B2702E450002711CF /* AppDelegate.swift */ = {isa = PBXFileReference; lastKnownFileType = sourcecode.swift; path = AppDelegate.swift; sourceTree = "<group>"; };
		9E68737D2702E450002711CF /* SceneDelegate.swift */ = {isa = PBXFileReference; lastKnownFileType = sourcecode.swift; path = SceneDelegate.swift; sourceTree = "<group>"; };
		9E68737F2702E450002711CF /* ViewController.swift */ = {isa = PBXFileReference; lastKnownFileType = sourcecode.swift; path = ViewController.swift; sourceTree = "<group>"; };
		9E6873822702E450002711CF /* Base */ = {isa = PBXFileReference; lastKnownFileType = file.storyboard; name = Base; path = Base.lproj/Main.storyboard; sourceTree = "<group>"; };
		9E6873842702E456002711CF /* Assets.xcassets */ = {isa = PBXFileReference; lastKnownFileType = folder.assetcatalog; path = Assets.xcassets; sourceTree = "<group>"; };
		9E6873872702E456002711CF /* Base */ = {isa = PBXFileReference; lastKnownFileType = file.storyboard; name = Base; path = Base.lproj/LaunchScreen.storyboard; sourceTree = "<group>"; };
		9E6873892702E456002711CF /* Info.plist */ = {isa = PBXFileReference; lastKnownFileType = text.plist.xml; path = Info.plist; sourceTree = "<group>"; };
		9E68738E2702E456002711CF /* FastCampProjectTests.xctest */ = {isa = PBXFileReference; explicitFileType = wrapper.cfbundle; includeInIndex = 0; path = FastCampProjectTests.xctest; sourceTree = BUILT_PRODUCTS_DIR; };
		9E6873922702E456002711CF /* FastCampProjectTests.swift */ = {isa = PBXFileReference; lastKnownFileType = sourcecode.swift; path = FastCampProjectTests.swift; sourceTree = "<group>"; };
		9E6873982702E456002711CF /* FastCampProjectUITests.xctest */ = {isa = PBXFileReference; explicitFileType = wrapper.cfbundle; includeInIndex = 0; path = FastCampProjectUITests.xctest; sourceTree = BUILT_PRODUCTS_DIR; };
		9E68739C2702E456002711CF /* FastCampProjectUITests.swift */ = {isa = PBXFileReference; lastKnownFileType = sourcecode.swift; path = FastCampProjectUITests.swift; sourceTree = "<group>"; };
		9E68739E2702E456002711CF /* FastCampProjectUITestsLaunchTests.swift */ = {isa = PBXFileReference; lastKnownFileType = sourcecode.swift; path = FastCampProjectUITestsLaunchTests.swift; sourceTree = "<group>"; };
		9ED3AD8A2721AFD4006AF8B8 /* DiaryCell.swift */ = {isa = PBXFileReference; lastKnownFileType = sourcecode.swift; path = DiaryCell.swift; sourceTree = "<group>"; };
		9ED3AD8C2721B0DF006AF8B8 /* StarViewController.swift */ = {isa = PBXFileReference; lastKnownFileType = sourcecode.swift; path = StarViewController.swift; sourceTree = "<group>"; };
		9ED3AD8E2721B3CB006AF8B8 /* StarCell.swift */ = {isa = PBXFileReference; lastKnownFileType = sourcecode.swift; path = StarCell.swift; sourceTree = "<group>"; };
		9ED3AD902721B710006AF8B8 /* WriteDiaryViewController.swift */ = {isa = PBXFileReference; lastKnownFileType = sourcecode.swift; path = WriteDiaryViewController.swift; sourceTree = "<group>"; };
/* End PBXFileReference section */

/* Begin PBXFrameworksBuildPhase section */
		9E6873752702E450002711CF /* Frameworks */ = {
			isa = PBXFrameworksBuildPhase;
			buildActionMask = 2147483647;
			files = (
			);
			runOnlyForDeploymentPostprocessing = 0;
		};
		9E68738B2702E456002711CF /* Frameworks */ = {
			isa = PBXFrameworksBuildPhase;
			buildActionMask = 2147483647;
			files = (
			);
			runOnlyForDeploymentPostprocessing = 0;
		};
		9E6873952702E456002711CF /* Frameworks */ = {
			isa = PBXFrameworksBuildPhase;
			buildActionMask = 2147483647;
			files = (
			);
			runOnlyForDeploymentPostprocessing = 0;
		};
/* End PBXFrameworksBuildPhase section */

/* Begin PBXGroup section */
		9E68736F2702E450002711CF = {
			isa = PBXGroup;
			children = (
				9E68737A2702E450002711CF /* FastCampProject */,
				9E6873912702E456002711CF /* FastCampProjectTests */,
				9E68739B2702E456002711CF /* FastCampProjectUITests */,
				9E6873792702E450002711CF /* Products */,
			);
			sourceTree = "<group>";
		};
		9E6873792702E450002711CF /* Products */ = {
			isa = PBXGroup;
			children = (
				9E6873782702E450002711CF /* FastCampProject.app */,
				9E68738E2702E456002711CF /* FastCampProjectTests.xctest */,
				9E6873982702E456002711CF /* FastCampProjectUITests.xctest */,
			);
			name = Products;
			sourceTree = "<group>";
		};
		9E68737A2702E450002711CF /* FastCampProject */ = {
			isa = PBXGroup;
			children = (
				9E6873B7270C9435002711CF /* Model */,
				9E6873B8270C945A002711CF /* View */,
				9E6873B6270C9427002711CF /* Controller */,
				9E68737B2702E450002711CF /* AppDelegate.swift */,
				9E68737D2702E450002711CF /* SceneDelegate.swift */,
				9E68737F2702E450002711CF /* ViewController.swift */,
				9E6873812702E450002711CF /* Main.storyboard */,
				9E6873842702E456002711CF /* Assets.xcassets */,
				9E6873862702E456002711CF /* LaunchScreen.storyboard */,
				9E6873892702E456002711CF /* Info.plist */,
			);
			path = FastCampProject;
			sourceTree = "<group>";
		};
		9E6873912702E456002711CF /* FastCampProjectTests */ = {
			isa = PBXGroup;
			children = (
				9E6873922702E456002711CF /* FastCampProjectTests.swift */,
			);
			path = FastCampProjectTests;
			sourceTree = "<group>";
		};
		9E68739B2702E456002711CF /* FastCampProjectUITests */ = {
			isa = PBXGroup;
			children = (
				9E68739C2702E456002711CF /* FastCampProjectUITests.swift */,
				9E68739E2702E456002711CF /* FastCampProjectUITestsLaunchTests.swift */,
			);
			path = FastCampProjectUITests;
			sourceTree = "<group>";
		};
		9E6873B6270C9427002711CF /* Controller */ = {
			isa = PBXGroup;
			children = (
				9ED3AD8C2721B0DF006AF8B8 /* StarViewController.swift */,
				9ED3AD902721B710006AF8B8 /* WriteDiaryViewController.swift */,
			);
			path = Controller;
			sourceTree = "<group>";
		};
		9E6873B7270C9435002711CF /* Model */ = {
			isa = PBXGroup;
			children = (
			);
			path = Model;
			sourceTree = "<group>";
		};
		9E6873B8270C945A002711CF /* View */ = {
			isa = PBXGroup;
			children = (
				9ED3AD8A2721AFD4006AF8B8 /* DiaryCell.swift */,
				9ED3AD8E2721B3CB006AF8B8 /* StarCell.swift */,
			);
			path = View;
			sourceTree = "<group>";
		};
/* End PBXGroup section */

/* Begin PBXNativeTarget section */
		9E6873772702E450002711CF /* FastCampProject */ = {
			isa = PBXNativeTarget;
			buildConfigurationList = 9E6873A22702E456002711CF /* Build configuration list for PBXNativeTarget "FastCampProject" */;
			buildPhases = (
				9E6873742702E450002711CF /* Sources */,
				9E6873752702E450002711CF /* Frameworks */,
				9E6873762702E450002711CF /* Resources */,
			);
			buildRules = (
			);
			dependencies = (
			);
			name = FastCampProject;
			productName = FastCampProject;
			productReference = 9E6873782702E450002711CF /* FastCampProject.app */;
			productType = "com.apple.product-type.application";
		};
		9E68738D2702E456002711CF /* FastCampProjectTests */ = {
			isa = PBXNativeTarget;
			buildConfigurationList = 9E6873A52702E456002711CF /* Build configuration list for PBXNativeTarget "FastCampProjectTests" */;
			buildPhases = (
				9E68738A2702E456002711CF /* Sources */,
				9E68738B2702E456002711CF /* Frameworks */,
				9E68738C2702E456002711CF /* Resources */,
			);
			buildRules = (
			);
			dependencies = (
				9E6873902702E456002711CF /* PBXTargetDependency */,
			);
			name = FastCampProjectTests;
			productName = FastCampProjectTests;
			productReference = 9E68738E2702E456002711CF /* FastCampProjectTests.xctest */;
			productType = "com.apple.product-type.bundle.unit-test";
		};
		9E6873972702E456002711CF /* FastCampProjectUITests */ = {
			isa = PBXNativeTarget;
			buildConfigurationList = 9E6873A82702E456002711CF /* Build configuration list for PBXNativeTarget "FastCampProjectUITests" */;
			buildPhases = (
				9E6873942702E456002711CF /* Sources */,
				9E6873952702E456002711CF /* Frameworks */,
				9E6873962702E456002711CF /* Resources */,
			);
			buildRules = (
			);
			dependencies = (
				9E68739A2702E456002711CF /* PBXTargetDependency */,
			);
			name = FastCampProjectUITests;
			productName = FastCampProjectUITests;
			productReference = 9E6873982702E456002711CF /* FastCampProjectUITests.xctest */;
			productType = "com.apple.product-type.bundle.ui-testing";
		};
/* End PBXNativeTarget section */

/* Begin PBXProject section */
		9E6873702702E450002711CF /* Project object */ = {
			isa = PBXProject;
			attributes = {
				BuildIndependentTargetsInParallel = 1;
				LastSwiftUpdateCheck = 1300;
				LastUpgradeCheck = 1300;
				TargetAttributes = {
					9E6873772702E450002711CF = {
						CreatedOnToolsVersion = 13.0;
					};
					9E68738D2702E456002711CF = {
						CreatedOnToolsVersion = 13.0;
						TestTargetID = 9E6873772702E450002711CF;
					};
					9E6873972702E456002711CF = {
						CreatedOnToolsVersion = 13.0;
						TestTargetID = 9E6873772702E450002711CF;
					};
				};
			};
			buildConfigurationList = 9E6873732702E450002711CF /* Build configuration list for PBXProject "FastCampProject" */;
			compatibilityVersion = "Xcode 13.0";
			developmentRegion = en;
			hasScannedForEncodings = 0;
			knownRegions = (
				en,
				Base,
			);
			mainGroup = 9E68736F2702E450002711CF;
			productRefGroup = 9E6873792702E450002711CF /* Products */;
			projectDirPath = "";
			projectRoot = "";
			targets = (
				9E6873772702E450002711CF /* FastCampProject */,
				9E68738D2702E456002711CF /* FastCampProjectTests */,
				9E6873972702E456002711CF /* FastCampProjectUITests */,
			);
		};
/* End PBXProject section */

/* Begin PBXResourcesBuildPhase section */
		9E6873762702E450002711CF /* Resources */ = {
			isa = PBXResourcesBuildPhase;
			buildActionMask = 2147483647;
			files = (
				9E6873882702E456002711CF /* LaunchScreen.storyboard in Resources */,
				9E6873852702E456002711CF /* Assets.xcassets in Resources */,
				9E6873832702E450002711CF /* Main.storyboard in Resources */,
			);
			runOnlyForDeploymentPostprocessing = 0;
		};
		9E68738C2702E456002711CF /* Resources */ = {
			isa = PBXResourcesBuildPhase;
			buildActionMask = 2147483647;
			files = (
			);
			runOnlyForDeploymentPostprocessing = 0;
		};
		9E6873962702E456002711CF /* Resources */ = {
			isa = PBXResourcesBuildPhase;
			buildActionMask = 2147483647;
			files = (
			);
			runOnlyForDeploymentPostprocessing = 0;
		};
/* End PBXResourcesBuildPhase section */

/* Begin PBXSourcesBuildPhase section */
		9E6873742702E450002711CF /* Sources */ = {
			isa = PBXSourcesBuildPhase;
			buildActionMask = 2147483647;
			files = (
				9E6873802702E450002711CF /* ViewController.swift in Sources */,
				9ED3AD912721B710006AF8B8 /* WriteDiaryViewController.swift in Sources */,
				9ED3AD8F2721B3CB006AF8B8 /* StarCell.swift in Sources */,
				9E68737C2702E450002711CF /* AppDelegate.swift in Sources */,
				9E68737E2702E450002711CF /* SceneDelegate.swift in Sources */,
				9ED3AD8B2721AFD4006AF8B8 /* DiaryCell.swift in Sources */,
				9ED3AD8D2721B0DF006AF8B8 /* StarViewController.swift in Sources */,
			);
			runOnlyForDeploymentPostprocessing = 0;
		};
		9E68738A2702E456002711CF /* Sources */ = {
			isa = PBXSourcesBuildPhase;
			buildActionMask = 2147483647;
			files = (
				9E6873932702E456002711CF /* FastCampProjectTests.swift in Sources */,
			);
			runOnlyForDeploymentPostprocessing = 0;
		};
		9E6873942702E456002711CF /* Sources */ = {
			isa = PBXSourcesBuildPhase;
			buildActionMask = 2147483647;
			files = (
				9E68739D2702E456002711CF /* FastCampProjectUITests.swift in Sources */,
				9E68739F2702E456002711CF /* FastCampProjectUITestsLaunchTests.swift in Sources */,
			);
			runOnlyForDeploymentPostprocessing = 0;
		};
/* End PBXSourcesBuildPhase section */

/* Begin PBXTargetDependency section */
		9E6873902702E456002711CF /* PBXTargetDependency */ = {
			isa = PBXTargetDependency;
			target = 9E6873772702E450002711CF /* FastCampProject */;
			targetProxy = 9E68738F2702E456002711CF /* PBXContainerItemProxy */;
		};
		9E68739A2702E456002711CF /* PBXTargetDependency */ = {
			isa = PBXTargetDependency;
			target = 9E6873772702E450002711CF /* FastCampProject */;
			targetProxy = 9E6873992702E456002711CF /* PBXContainerItemProxy */;
		};
/* End PBXTargetDependency section */

/* Begin PBXVariantGroup section */
		9E6873812702E450002711CF /* Main.storyboard */ = {
			isa = PBXVariantGroup;
			children = (
				9E6873822702E450002711CF /* Base */,
			);
			name = Main.storyboard;
			sourceTree = "<group>";
		};
		9E6873862702E456002711CF /* LaunchScreen.storyboard */ = {
			isa = PBXVariantGroup;
			children = (
				9E6873872702E456002711CF /* Base */,
			);
			name = LaunchScreen.storyboard;
			sourceTree = "<group>";
		};
/* End PBXVariantGroup section */

/* Begin XCBuildConfiguration section */
		9E6873A02702E456002711CF /* Debug */ = {
			isa = XCBuildConfiguration;
			buildSettings = {
				ALWAYS_SEARCH_USER_PATHS = NO;
				CLANG_ANALYZER_NONNULL = YES;
				CLANG_ANALYZER_NUMBER_OBJECT_CONVERSION = YES_AGGRESSIVE;
				CLANG_CXX_LANGUAGE_STANDARD = "gnu++17";
				CLANG_CXX_LIBRARY = "libc++";
				CLANG_ENABLE_MODULES = YES;
				CLANG_ENABLE_OBJC_ARC = YES;
				CLANG_ENABLE_OBJC_WEAK = YES;
				CLANG_WARN_BLOCK_CAPTURE_AUTORELEASING = YES;
				CLANG_WARN_BOOL_CONVERSION = YES;
				CLANG_WARN_COMMA = YES;
				CLANG_WARN_CONSTANT_CONVERSION = YES;
				CLANG_WARN_DEPRECATED_OBJC_IMPLEMENTATIONS = YES;
				CLANG_WARN_DIRECT_OBJC_ISA_USAGE = YES_ERROR;
				CLANG_WARN_DOCUMENTATION_COMMENTS = YES;
				CLANG_WARN_EMPTY_BODY = YES;
				CLANG_WARN_ENUM_CONVERSION = YES;
				CLANG_WARN_INFINITE_RECURSION = YES;
				CLANG_WARN_INT_CONVERSION = YES;
				CLANG_WARN_NON_LITERAL_NULL_CONVERSION = YES;
				CLANG_WARN_OBJC_IMPLICIT_RETAIN_SELF = YES;
				CLANG_WARN_OBJC_LITERAL_CONVERSION = YES;
				CLANG_WARN_OBJC_ROOT_CLASS = YES_ERROR;
				CLANG_WARN_QUOTED_INCLUDE_IN_FRAMEWORK_HEADER = YES;
				CLANG_WARN_RANGE_LOOP_ANALYSIS = YES;
				CLANG_WARN_STRICT_PROTOTYPES = YES;
				CLANG_WARN_SUSPICIOUS_MOVE = YES;
				CLANG_WARN_UNGUARDED_AVAILABILITY = YES_AGGRESSIVE;
				CLANG_WARN_UNREACHABLE_CODE = YES;
				CLANG_WARN__DUPLICATE_METHOD_MATCH = YES;
				COPY_PHASE_STRIP = NO;
				DEBUG_INFORMATION_FORMAT = dwarf;
				ENABLE_STRICT_OBJC_MSGSEND = YES;
				ENABLE_TESTABILITY = YES;
				GCC_C_LANGUAGE_STANDARD = gnu11;
				GCC_DYNAMIC_NO_PIC = NO;
				GCC_NO_COMMON_BLOCKS = YES;
				GCC_OPTIMIZATION_LEVEL = 0;
				GCC_PREPROCESSOR_DEFINITIONS = (
					"DEBUG=1",
					"$(inherited)",
				);
				GCC_WARN_64_TO_32_BIT_CONVERSION = YES;
				GCC_WARN_ABOUT_RETURN_TYPE = YES_ERROR;
				GCC_WARN_UNDECLARED_SELECTOR = YES;
				GCC_WARN_UNINITIALIZED_AUTOS = YES_AGGRESSIVE;
				GCC_WARN_UNUSED_FUNCTION = YES;
				GCC_WARN_UNUSED_VARIABLE = YES;
				IPHONEOS_DEPLOYMENT_TARGET = 13.4;
				MTL_ENABLE_DEBUG_INFO = INCLUDE_SOURCE;
				MTL_FAST_MATH = YES;
				ONLY_ACTIVE_ARCH = YES;
				SDKROOT = iphoneos;
				SWIFT_ACTIVE_COMPILATION_CONDITIONS = DEBUG;
				SWIFT_OPTIMIZATION_LEVEL = "-Onone";
			};
			name = Debug;
		};
		9E6873A12702E456002711CF /* Release */ = {
			isa = XCBuildConfiguration;
			buildSettings = {
				ALWAYS_SEARCH_USER_PATHS = NO;
				CLANG_ANALYZER_NONNULL = YES;
				CLANG_ANALYZER_NUMBER_OBJECT_CONVERSION = YES_AGGRESSIVE;
				CLANG_CXX_LANGUAGE_STANDARD = "gnu++17";
				CLANG_CXX_LIBRARY = "libc++";
				CLANG_ENABLE_MODULES = YES;
				CLANG_ENABLE_OBJC_ARC = YES;
				CLANG_ENABLE_OBJC_WEAK = YES;
				CLANG_WARN_BLOCK_CAPTURE_AUTORELEASING = YES;
				CLANG_WARN_BOOL_CONVERSION = YES;
				CLANG_WARN_COMMA = YES;
				CLANG_WARN_CONSTANT_CONVERSION = YES;
				CLANG_WARN_DEPRECATED_OBJC_IMPLEMENTATIONS = YES;
				CLANG_WARN_DIRECT_OBJC_ISA_USAGE = YES_ERROR;
				CLANG_WARN_DOCUMENTATION_COMMENTS = YES;
				CLANG_WARN_EMPTY_BODY = YES;
				CLANG_WARN_ENUM_CONVERSION = YES;
				CLANG_WARN_INFINITE_RECURSION = YES;
				CLANG_WARN_INT_CONVERSION = YES;
				CLANG_WARN_NON_LITERAL_NULL_CONVERSION = YES;
				CLANG_WARN_OBJC_IMPLICIT_RETAIN_SELF = YES;
				CLANG_WARN_OBJC_LITERAL_CONVERSION = YES;
				CLANG_WARN_OBJC_ROOT_CLASS = YES_ERROR;
				CLANG_WARN_QUOTED_INCLUDE_IN_FRAMEWORK_HEADER = YES;
				CLANG_WARN_RANGE_LOOP_ANALYSIS = YES;
				CLANG_WARN_STRICT_PROTOTYPES = YES;
				CLANG_WARN_SUSPICIOUS_MOVE = YES;
				CLANG_WARN_UNGUARDED_AVAILABILITY = YES_AGGRESSIVE;
				CLANG_WARN_UNREACHABLE_CODE = YES;
				CLANG_WARN__DUPLICATE_METHOD_MATCH = YES;
				COPY_PHASE_STRIP = NO;
				DEBUG_INFORMATION_FORMAT = "dwarf-with-dsym";
				ENABLE_NS_ASSERTIONS = NO;
				ENABLE_STRICT_OBJC_MSGSEND = YES;
				GCC_C_LANGUAGE_STANDARD = gnu11;
				GCC_NO_COMMON_BLOCKS = YES;
				GCC_WARN_64_TO_32_BIT_CONVERSION = YES;
				GCC_WARN_ABOUT_RETURN_TYPE = YES_ERROR;
				GCC_WARN_UNDECLARED_SELECTOR = YES;
				GCC_WARN_UNINITIALIZED_AUTOS = YES_AGGRESSIVE;
				GCC_WARN_UNUSED_FUNCTION = YES;
				GCC_WARN_UNUSED_VARIABLE = YES;
				IPHONEOS_DEPLOYMENT_TARGET = 13.4;
				MTL_ENABLE_DEBUG_INFO = NO;
				MTL_FAST_MATH = YES;
				SDKROOT = iphoneos;
				SWIFT_COMPILATION_MODE = wholemodule;
				SWIFT_OPTIMIZATION_LEVEL = "-O";
				VALIDATE_PRODUCT = YES;
			};
			name = Release;
		};
		9E6873A32702E456002711CF /* Debug */ = {
			isa = XCBuildConfiguration;
			buildSettings = {
				ASSETCATALOG_COMPILER_APPICON_NAME = AppIcon;
				ASSETCATALOG_COMPILER_GLOBAL_ACCENT_COLOR_NAME = AccentColor;
				CODE_SIGN_STYLE = Automatic;
				CURRENT_PROJECT_VERSION = 1;
				DEVELOPMENT_TEAM = YM9MTQS82Z;
				GENERATE_INFOPLIST_FILE = YES;
				INFOPLIST_FILE = FastCampProject/Info.plist;
				INFOPLIST_KEY_UIApplicationSupportsIndirectInputEvents = YES;
				INFOPLIST_KEY_UILaunchStoryboardName = LaunchScreen;
				INFOPLIST_KEY_UIMainStoryboardFile = Main;
				INFOPLIST_KEY_UISupportedInterfaceOrientations_iPad = "UIInterfaceOrientationPortrait UIInterfaceOrientationPortraitUpsideDown UIInterfaceOrientationLandscapeLeft UIInterfaceOrientationLandscapeRight";
				INFOPLIST_KEY_UISupportedInterfaceOrientations_iPhone = "UIInterfaceOrientationPortrait UIInterfaceOrientationLandscapeLeft UIInterfaceOrientationLandscapeRight";
				LD_RUNPATH_SEARCH_PATHS = (
					"$(inherited)",
					"@executable_path/Frameworks",
				);
				MARKETING_VERSION = 1.0;
				PRODUCT_BUNDLE_IDENTIFIER = com.spoonlava.FastCampProject;
				PRODUCT_NAME = "$(TARGET_NAME)";
				SWIFT_EMIT_LOC_STRINGS = YES;
				SWIFT_VERSION = 5.0;
				TARGETED_DEVICE_FAMILY = "1,2";
			};
			name = Debug;
		};
		9E6873A42702E456002711CF /* Release */ = {
			isa = XCBuildConfiguration;
			buildSettings = {
				ASSETCATALOG_COMPILER_APPICON_NAME = AppIcon;
				ASSETCATALOG_COMPILER_GLOBAL_ACCENT_COLOR_NAME = AccentColor;
				CODE_SIGN_STYLE = Automatic;
				CURRENT_PROJECT_VERSION = 1;
				DEVELOPMENT_TEAM = YM9MTQS82Z;
				GENERATE_INFOPLIST_FILE = YES;
				INFOPLIST_FILE = FastCampProject/Info.plist;
				INFOPLIST_KEY_UIApplicationSupportsIndirectInputEvents = YES;
				INFOPLIST_KEY_UILaunchStoryboardName = LaunchScreen;
				INFOPLIST_KEY_UIMainStoryboardFile = Main;
				INFOPLIST_KEY_UISupportedInterfaceOrientations_iPad = "UIInterfaceOrientationPortrait UIInterfaceOrientationPortraitUpsideDown UIInterfaceOrientationLandscapeLeft UIInterfaceOrientationLandscapeRight";
				INFOPLIST_KEY_UISupportedInterfaceOrientations_iPhone = "UIInterfaceOrientationPortrait UIInterfaceOrientationLandscapeLeft UIInterfaceOrientationLandscapeRight";
				LD_RUNPATH_SEARCH_PATHS = (
					"$(inherited)",
					"@executable_path/Frameworks",
				);
				MARKETING_VERSION = 1.0;
				PRODUCT_BUNDLE_IDENTIFIER = com.spoonlava.FastCampProject;
				PRODUCT_NAME = "$(TARGET_NAME)";
				SWIFT_EMIT_LOC_STRINGS = YES;
				SWIFT_VERSION = 5.0;
				TARGETED_DEVICE_FAMILY = "1,2";
			};
			name = Release;
		};
		9E6873A62702E456002711CF /* Debug */ = {
			isa = XCBuildConfiguration;
			buildSettings = {
				ALWAYS_EMBED_SWIFT_STANDARD_LIBRARIES = YES;
				BUNDLE_LOADER = "$(TEST_HOST)";
				CODE_SIGN_STYLE = Automatic;
				CURRENT_PROJECT_VERSION = 1;
				DEVELOPMENT_TEAM = GQYLWZMATG;
				GENERATE_INFOPLIST_FILE = YES;
				IPHONEOS_DEPLOYMENT_TARGET = 15.0;
				LD_RUNPATH_SEARCH_PATHS = (
					"$(inherited)",
					"@executable_path/Frameworks",
					"@loader_path/Frameworks",
				);
				MARKETING_VERSION = 1.0;
				PRODUCT_BUNDLE_IDENTIFIER = com.lavaspoon.FastCampProjectTests;
				PRODUCT_NAME = "$(TARGET_NAME)";
				SWIFT_EMIT_LOC_STRINGS = NO;
				SWIFT_VERSION = 5.0;
				TARGETED_DEVICE_FAMILY = "1,2";
				TEST_HOST = "$(BUILT_PRODUCTS_DIR)/FastCampProject.app/FastCampProject";
			};
			name = Debug;
		};
		9E6873A72702E456002711CF /* Release */ = {
			isa = XCBuildConfiguration;
			buildSettings = {
				ALWAYS_EMBED_SWIFT_STANDARD_LIBRARIES = YES;
				BUNDLE_LOADER = "$(TEST_HOST)";
				CODE_SIGN_STYLE = Automatic;
				CURRENT_PROJECT_VERSION = 1;
				DEVELOPMENT_TEAM = GQYLWZMATG;
				GENERATE_INFOPLIST_FILE = YES;
				IPHONEOS_DEPLOYMENT_TARGET = 15.0;
				LD_RUNPATH_SEARCH_PATHS = (
					"$(inherited)",
					"@executable_path/Frameworks",
					"@loader_path/Frameworks",
				);
				MARKETING_VERSION = 1.0;
				PRODUCT_BUNDLE_IDENTIFIER = com.lavaspoon.FastCampProjectTests;
				PRODUCT_NAME = "$(TARGET_NAME)";
				SWIFT_EMIT_LOC_STRINGS = NO;
				SWIFT_VERSION = 5.0;
				TARGETED_DEVICE_FAMILY = "1,2";
				TEST_HOST = "$(BUILT_PRODUCTS_DIR)/FastCampProject.app/FastCampProject";
			};
			name = Release;
		};
		9E6873A92702E456002711CF /* Debug */ = {
			isa = XCBuildConfiguration;
			buildSettings = {
				ALWAYS_EMBED_SWIFT_STANDARD_LIBRARIES = YES;
				CODE_SIGN_STYLE = Automatic;
				CURRENT_PROJECT_VERSION = 1;
				DEVELOPMENT_TEAM = GQYLWZMATG;
				GENERATE_INFOPLIST_FILE = YES;
				LD_RUNPATH_SEARCH_PATHS = (
					"$(inherited)",
					"@executable_path/Frameworks",
					"@loader_path/Frameworks",
				);
				MARKETING_VERSION = 1.0;
				PRODUCT_BUNDLE_IDENTIFIER = com.lavaspoon.FastCampProjectUITests;
				PRODUCT_NAME = "$(TARGET_NAME)";
				SWIFT_EMIT_LOC_STRINGS = NO;
				SWIFT_VERSION = 5.0;
				TARGETED_DEVICE_FAMILY = "1,2";
				TEST_TARGET_NAME = FastCampProject;
			};
			name = Debug;
		};
		9E6873AA2702E456002711CF /* Release */ = {
			isa = XCBuildConfiguration;
			buildSettings = {
				ALWAYS_EMBED_SWIFT_STANDARD_LIBRARIES = YES;
				CODE_SIGN_STYLE = Automatic;
				CURRENT_PROJECT_VERSION = 1;
				DEVELOPMENT_TEAM = GQYLWZMATG;
				GENERATE_INFOPLIST_FILE = YES;
				LD_RUNPATH_SEARCH_PATHS = (
					"$(inherited)",
					"@executable_path/Frameworks",
					"@loader_path/Frameworks",
				);
				MARKETING_VERSION = 1.0;
				PRODUCT_BUNDLE_IDENTIFIER = com.lavaspoon.FastCampProjectUITests;
				PRODUCT_NAME = "$(TARGET_NAME)";
				SWIFT_EMIT_LOC_STRINGS = NO;
				SWIFT_VERSION = 5.0;
				TARGETED_DEVICE_FAMILY = "1,2";
				TEST_TARGET_NAME = FastCampProject;
			};
			name = Release;
		};
/* End XCBuildConfiguration section */

/* Begin XCConfigurationList section */
		9E6873732702E450002711CF /* Build configuration list for PBXProject "FastCampProject" */ = {
			isa = XCConfigurationList;
			buildConfigurations = (
				9E6873A02702E456002711CF /* Debug */,
				9E6873A12702E456002711CF /* Release */,
			);
			defaultConfigurationIsVisible = 0;
			defaultConfigurationName = Release;
		};
		9E6873A22702E456002711CF /* Build configuration list for PBXNativeTarget "FastCampProject" */ = {
			isa = XCConfigurationList;
			buildConfigurations = (
				9E6873A32702E456002711CF /* Debug */,
				9E6873A42702E456002711CF /* Release */,
			);
			defaultConfigurationIsVisible = 0;
			defaultConfigurationName = Release;
		};
		9E6873A52702E456002711CF /* Build configuration list for PBXNativeTarget "FastCampProjectTests" */ = {
			isa = XCConfigurationList;
			buildConfigurations = (
				9E6873A62702E456002711CF /* Debug */,
				9E6873A72702E456002711CF /* Release */,
			);
			defaultConfigurationIsVisible = 0;
			defaultConfigurationName = Release;
		};
		9E6873A82702E456002711CF /* Build configuration list for PBXNativeTarget "FastCampProjectUITests" */ = {
			isa = XCConfigurationList;
			buildConfigurations = (
				9E6873A92702E456002711CF /* Debug */,
				9E6873AA2702E456002711CF /* Release */,
			);
			defaultConfigurationIsVisible = 0;
			defaultConfigurationName = Release;
		};
/* End XCConfigurationList section */
	};
	rootObject = 9E6873702702E450002711CF /* Project object */;
}
